
Microsoft Visual Studio Solution File, Format Version 12.00
# Visual Studio 15
VisualStudioVersion = 15.0.28307.779
MinimumVisualStudioVersion = 10.0.40219.1
Project("{FAE04EC0-301F-11D3-BF4B-00C04F79EFBC}") = "BdayParty.Android", "BdayParty\BdayParty.Android\BdayParty.Android.csproj", "{37DA0ACE-1E0E-4D8E-9D40-5C3F6642FC46}"
EndProject
Project("{FAE04EC0-301F-11D3-BF4B-00C04F79EFBC}") = "BdayParty", "BdayParty\BdayParty\BdayParty.csproj", "{C2B12136-EAA3-407E-801D-3219BEAD3FD3}"
EndProject
Global
	GlobalSection(SolutionConfigurationPlatforms) = preSolution
		Debug|Any CPU = Debug|Any CPU
		Release|Any CPU = Release|Any CPU
	EndGlobalSection
	GlobalSection(ProjectConfigurationPlatforms) = postSolution
		{37DA0ACE-1E0E-4D8E-9D40-5C3F6642FC46}.Debug|Any CPU.ActiveCfg = Debug|Any CPU
		{37DA0ACE-1E0E-4D8E-9D40-5C3F6642FC46}.Debug|Any CPU.Build.0 = Debug|Any CPU
		{37DA0ACE-1E0E-4D8E-9D40-5C3F6642FC46}.Debug|Any CPU.Deploy.0 = Debug|Any CPU
		{37DA0ACE-1E0E-4D8E-9D40-5C3F6642FC46}.Release|Any CPU.ActiveCfg = Release|Any CPU
		{37DA0ACE-1E0E-4D8E-9D40-5C3F6642FC46}.Release|Any CPU.Build.0 = Release|Any CPU
		{37DA0ACE-1E0E-4D8E-9D40-5C3F6642FC46}.Release|Any CPU.Deploy.0 = Release|Any CPU
		{C2B12136-EAA3-407E-801D-3219BEAD3FD3}.Debug|Any CPU.ActiveCfg = Debug|Any CPU
		{C2B12136-EAA3-407E-801D-3219BEAD3FD3}.Debug|Any CPU.Build.0 = Debug|Any CPU
		{C2B12136-EAA3-407E-801D-3219BEAD3FD3}.Debug|Any CPU.Deploy.0 = Debug|Any CPU
		{C2B12136-EAA3-407E-801D-3219BEAD3FD3}.Release|Any CPU.ActiveCfg = Release|Any CPU
		{C2B12136-EAA3-407E-801D-3219BEAD3FD3}.Release|Any CPU.Build.0 = Release|Any CPU
		{C2B12136-EAA3-407E-801D-3219BEAD3FD3}.Release|Any CPU.Deploy.0 = Release|Any CPU
	EndGlobalSection
	GlobalSection(SolutionProperties) = preSolution
		HideSolutionNode = FALSE
	EndGlobalSection
	GlobalSection(ExtensibilityGlobals) = postSolution
		SolutionGuid = {E6CA5633-B631-430B-9555-D0827B913DCC}
	EndGlobalSection
EndGlobal
