
Microsoft Visual Studio Solution File, Format Version 12.00
# Visual Studio Version 16
VisualStudioVersion = 16.0.29306.81
MinimumVisualStudioVersion = 10.0.40219.1
Project("{FAE04EC0-301F-11D3-BF4B-00C04F79EFBC}") = "CoinFlip13B.Android", "CoinFlip13B\CoinFlip13B.Android\CoinFlip13B.Android.csproj", "{15FF9492-5EED-45CE-8B8B-1CEE4D20F150}"
EndProject
Project("{FAE04EC0-301F-11D3-BF4B-00C04F79EFBC}") = "CoinFlip13B", "CoinFlip13B\CoinFlip13B\CoinFlip13B.csproj", "{491160B5-5E21-44C0-8CC5-05F129358F52}"
EndProject
Global
	GlobalSection(SolutionConfigurationPlatforms) = preSolution
		Debug|Any CPU = Debug|Any CPU
		Release|Any CPU = Release|Any CPU
	EndGlobalSection
	GlobalSection(ProjectConfigurationPlatforms) = postSolution
		{15FF9492-5EED-45CE-8B8B-1CEE4D20F150}.Debug|Any CPU.ActiveCfg = Debug|Any CPU
		{15FF9492-5EED-45CE-8B8B-1CEE4D20F150}.Debug|Any CPU.Build.0 = Debug|Any CPU
		{15FF9492-5EED-45CE-8B8B-1CEE4D20F150}.Debug|Any CPU.Deploy.0 = Debug|Any CPU
		{15FF9492-5EED-45CE-8B8B-1CEE4D20F150}.Release|Any CPU.ActiveCfg = Release|Any CPU
		{15FF9492-5EED-45CE-8B8B-1CEE4D20F150}.Release|Any CPU.Build.0 = Release|Any CPU
		{15FF9492-5EED-45CE-8B8B-1CEE4D20F150}.Release|Any CPU.Deploy.0 = Release|Any CPU
		{491160B5-5E21-44C0-8CC5-05F129358F52}.Debug|Any CPU.ActiveCfg = Debug|Any CPU
		{491160B5-5E21-44C0-8CC5-05F129358F52}.Debug|Any CPU.Build.0 = Debug|Any CPU
		{491160B5-5E21-44C0-8CC5-05F129358F52}.Debug|Any CPU.Deploy.0 = Debug|Any CPU
		{491160B5-5E21-44C0-8CC5-05F129358F52}.Release|Any CPU.ActiveCfg = Release|Any CPU
		{491160B5-5E21-44C0-8CC5-05F129358F52}.Release|Any CPU.Build.0 = Release|Any CPU
		{491160B5-5E21-44C0-8CC5-05F129358F52}.Release|Any CPU.Deploy.0 = Release|Any CPU
	EndGlobalSection
	GlobalSection(SolutionProperties) = preSolution
		HideSolutionNode = FALSE
	EndGlobalSection
	GlobalSection(ExtensibilityGlobals) = postSolution
		SolutionGuid = {3A2A7211-7BBF-4D7F-976D-6D40C055CE02}
	EndGlobalSection
EndGlobal
