
Microsoft Visual Studio Solution File, Format Version 12.00
# Visual Studio 15
VisualStudioVersion = 15.0.28307.779
MinimumVisualStudioVersion = 10.0.40219.1
Project("{FAE04EC0-301F-11D3-BF4B-00C04F79EFBC}") = "ZMFitnessApp1.Android", "ZMFitnessApp1\ZMFitnessApp1.Android\ZMFitnessApp1.Android.csproj", "{935BBE58-1E86-4759-8B96-862606900AE5}"
EndProject
Project("{FAE04EC0-301F-11D3-BF4B-00C04F79EFBC}") = "ZMFitnessApp1", "ZMFitnessApp1\ZMFitnessApp1\ZMFitnessApp1.csproj", "{80216BA5-6540-4D63-A362-022C82AC9FF2}"
EndProject
Global
	GlobalSection(SolutionConfigurationPlatforms) = preSolution
		Debug|Any CPU = Debug|Any CPU
		Release|Any CPU = Release|Any CPU
	EndGlobalSection
	GlobalSection(ProjectConfigurationPlatforms) = postSolution
		{935BBE58-1E86-4759-8B96-862606900AE5}.Debug|Any CPU.ActiveCfg = Debug|Any CPU
		{935BBE58-1E86-4759-8B96-862606900AE5}.Debug|Any CPU.Build.0 = Debug|Any CPU
		{935BBE58-1E86-4759-8B96-862606900AE5}.Debug|Any CPU.Deploy.0 = Debug|Any CPU
		{935BBE58-1E86-4759-8B96-862606900AE5}.Release|Any CPU.ActiveCfg = Release|Any CPU
		{935BBE58-1E86-4759-8B96-862606900AE5}.Release|Any CPU.Build.0 = Release|Any CPU
		{935BBE58-1E86-4759-8B96-862606900AE5}.Release|Any CPU.Deploy.0 = Release|Any CPU
		{80216BA5-6540-4D63-A362-022C82AC9FF2}.Debug|Any CPU.ActiveCfg = Debug|Any CPU
		{80216BA5-6540-4D63-A362-022C82AC9FF2}.Debug|Any CPU.Build.0 = Debug|Any CPU
		{80216BA5-6540-4D63-A362-022C82AC9FF2}.Debug|Any CPU.Deploy.0 = Debug|Any CPU
		{80216BA5-6540-4D63-A362-022C82AC9FF2}.Release|Any CPU.ActiveCfg = Release|Any CPU
		{80216BA5-6540-4D63-A362-022C82AC9FF2}.Release|Any CPU.Build.0 = Release|Any CPU
		{80216BA5-6540-4D63-A362-022C82AC9FF2}.Release|Any CPU.Deploy.0 = Release|Any CPU
	EndGlobalSection
	GlobalSection(SolutionProperties) = preSolution
		HideSolutionNode = FALSE
	EndGlobalSection
	GlobalSection(ExtensibilityGlobals) = postSolution
		SolutionGuid = {A350D3CA-3C45-4C53-A1CC-E1338AC4D06D}
	EndGlobalSection
EndGlobal
