
Microsoft Visual Studio Solution File, Format Version 12.00
# Visual Studio Version 16
VisualStudioVersion = 16.0.29306.81
MinimumVisualStudioVersion = 10.0.40219.1
Project("{FAE04EC0-301F-11D3-BF4B-00C04F79EFBC}") = "FizzBuzz", "FizzBuzz\FizzBuzz.csproj", "{4CA51383-B562-4C7E-B30D-6314D1590524}"
EndProject
Project("{FAE04EC0-301F-11D3-BF4B-00C04F79EFBC}") = "FizzBuzzConsole", "FizzBuzzConsole\FizzBuzzConsole.csproj", "{F56B5B0E-531E-4667-8D1A-B76E2AEDDC8D}"
EndProject
Global
	GlobalSection(SolutionConfigurationPlatforms) = preSolution
		Debug|Any CPU = Debug|Any CPU
		Release|Any CPU = Release|Any CPU
	EndGlobalSection
	GlobalSection(ProjectConfigurationPlatforms) = postSolution
		{4CA51383-B562-4C7E-B30D-6314D1590524}.Debug|Any CPU.ActiveCfg = Debug|Any CPU
		{4CA51383-B562-4C7E-B30D-6314D1590524}.Debug|Any CPU.Build.0 = Debug|Any CPU
		{4CA51383-B562-4C7E-B30D-6314D1590524}.Release|Any CPU.ActiveCfg = Release|Any CPU
		{4CA51383-B562-4C7E-B30D-6314D1590524}.Release|Any CPU.Build.0 = Release|Any CPU
		{F56B5B0E-531E-4667-8D1A-B76E2AEDDC8D}.Debug|Any CPU.ActiveCfg = Debug|Any CPU
		{F56B5B0E-531E-4667-8D1A-B76E2AEDDC8D}.Debug|Any CPU.Build.0 = Debug|Any CPU
		{F56B5B0E-531E-4667-8D1A-B76E2AEDDC8D}.Release|Any CPU.ActiveCfg = Release|Any CPU
		{F56B5B0E-531E-4667-8D1A-B76E2AEDDC8D}.Release|Any CPU.Build.0 = Release|Any CPU
	EndGlobalSection
	GlobalSection(SolutionProperties) = preSolution
		HideSolutionNode = FALSE
	EndGlobalSection
	GlobalSection(ExtensibilityGlobals) = postSolution
		SolutionGuid = {C4C81D7A-F7B4-4308-A2E7-18A21F7071F8}
	EndGlobalSection
EndGlobal
